
Microsoft Visual Studio Solution File, Format Version 9.00
# Visual Studio 2005
Project("{FAE04EC0-301F-11D3-BF4B-00C04F79EFBC}") = "libGr", "libGr\libGr.csproj", "{57A2E7A1-058E-4EBD-85E9-A65C3304FA49}"
EndProject
Project("{FAE04EC0-301F-11D3-BF4B-00C04F79EFBC}") = "GrShell", "GrShell\GrShell.csproj", "{780E231D-7BFE-40E2-AA69-399AECB294DE}"
	ProjectSection(ProjectDependencies) = postProject
		{57A2E7A1-058E-4EBD-85E9-A65C3304FA49} = {57A2E7A1-058E-4EBD-85E9-A65C3304FA49}
	EndProjectSection
EndProject
Project("{FAE04EC0-301F-11D3-BF4B-00C04F79EFBC}") = "lgspBackend", "lgspBackend\lgspBackend.csproj", "{28747063-D1D2-4626-B1F1-84CC201B2063}"
EndProject
Project("{FAE04EC0-301F-11D3-BF4B-00C04F79EFBC}") = "GrShellBenchmarker", "GrShellBenchmarker\GrShellBenchmarker.csproj", "{E633B507-F9FC-4F97-8649-BBD33361AB09}"
EndProject
Project("{FAE04EC0-301F-11D3-BF4B-00C04F79EFBC}") = "TestIlGenericSmall", "TestIlGenericSmall\TestIlGenericSmall.csproj", "{58D78CDB-63D7-47A1-B1B4-37625E46E587}"
EndProject
Project("{FAE04EC0-301F-11D3-BF4B-00C04F79EFBC}") = "TestModelLib", "TestModelLib\TestModelLib.csproj", "{6473411E-BF33-40E4-A174-71B8D5BBCEF7}"
EndProject
Project("{FAE04EC0-301F-11D3-BF4B-00C04F79EFBC}") = "TestActionsLib", "TestActionsLib\TestActionsLib.csproj", "{B26BECCB-0FDD-4DB3-A0AB-5481A9B48127}"
EndProject
Project("{FAE04EC0-301F-11D3-BF4B-00C04F79EFBC}") = "spBench", "spBench\spBench.csproj", "{17B1C694-F545-4621-BBE5-0B9037A2D664}"
EndProject
Project("{FAE04EC0-301F-11D3-BF4B-00C04F79EFBC}") = "BusyBeaver", "BusyBeaver\BusyBeaver.csproj", "{9565BDD9-712A-4DB3-A419-2C092C7000DB}"
EndProject
Project("{FAE04EC0-301F-11D3-BF4B-00C04F79EFBC}") = "ASTdapter", "ASTdapter\ASTdapter.csproj", "{611BE482-BA91-4BA8-A4EF-5D628A913041}"
EndProject
Project("{FAE04EC0-301F-11D3-BF4B-00C04F79EFBC}") = "GrIO", "GrIO\GrIO.csproj", "{7ECF099A-B6B1-4863-A949-A9ABB8955EAA}"
EndProject
Project("{FAE04EC0-301F-11D3-BF4B-00C04F79EFBC}") = "GrGen", "GrGen\GrGen.csproj", "{88C2E9E9-1EF9-409E-BF92-40602F4DA91A}"
EndProject
Project("{FAE04EC0-301F-11D3-BF4B-00C04F79EFBC}") = "PSRemoveLabels", "PSRemoveLabels\PSRemoveLabels.csproj", "{E7FF8D9B-1618-4B70-9DC1-D1FA5977AFF4}"
EndProject
Project("{FAE04EC0-301F-11D3-BF4B-00C04F79EFBC}") = "Mutex", "Mutex\Mutex.csproj", "{34D8352E-C296-4610-818C-F724C5068DCC}"
EndProject
Project("{FAE04EC0-301F-11D3-BF4B-00C04F79EFBC}") = "BusyBeaver3", "BusyBeaver3\BusyBeaver3.csproj", "{0689E7EB-5A5C-438F-813E-52DF44E60A97}"
EndProject
Project("{FAE04EC0-301F-11D3-BF4B-00C04F79EFBC}") = "Benchmarker", "Benchmarker\Benchmarker.csproj", "{25C61E4A-5D75-4B8C-A85D-EB9CFDB8F9CD}"
EndProject
Project("{FAE04EC0-301F-11D3-BF4B-00C04F79EFBC}") = "MutexNoJitTime", "MutexNoJitTime\MutexNoJitTime.csproj", "{51A79A5A-2539-47E9-B549-C6DCCD7D23EA}"
EndProject
Project("{FAE04EC0-301F-11D3-BF4B-00C04F79EFBC}") = "BusyBeaverExample", "out\examples-lgsp\BusyBeaverExample\BusyBeaverExample.csproj", "{82ABEC10-35CB-4455-93CA-732DFB53E024}"
EndProject
Project("{2150E333-8FDC-42A3-9474-1A3956D46DE8}") = "Examples-LGSP", "Examples-LGSP", "{79EDF59C-7019-4B42-AC6C-9BDA8ADCB9D5}"
	ProjectSection(SolutionItems) = preProject
		out\examples-lgsp\README.txt = out\examples-lgsp\README.txt
	EndProjectSection
EndProject
Project("{FAE04EC0-301F-11D3-BF4B-00C04F79EFBC}") = "MutexDirectExample", "out\examples-lgsp\MutexDirectExample\MutexDirectExample.csproj", "{078429F1-A76D-41B9-823B-6855A2B9A188}"
EndProject
Project("{2150E333-8FDC-42A3-9474-1A3956D46DE8}") = "Tests", "Tests", "{106F659F-8A5D-4CB4-A3A0-FB3BDDB937D5}"
EndProject
Project("{2150E333-8FDC-42A3-9474-1A3956D46DE8}") = "Util", "Util", "{2D0AFB3F-4243-4CE2-9A96-2B02425EAFF5}"
EndProject
Project("{FAE04EC0-301F-11D3-BF4B-00C04F79EFBC}") = "YCompExample", "out\examples-lgsp\YCompExample\YCompExample.csproj", "{7F694C8F-C781-46FA-935F-0B0BBCC0B9DA}"
EndProject
Project("{FAE04EC0-301F-11D3-BF4B-00C04F79EFBC}") = "HelloMutex", "out\examples-lgsp\HelloMutex\HelloMutex.csproj", "{E85C49AA-619C-4A4C-8D3D-BD73ED2D52CD}"
EndProject
Global
	GlobalSection(SolutionConfigurationPlatforms) = preSolution
		Debug|Any CPU = Debug|Any CPU
		Debug|x86 = Debug|x86
		Release|Any CPU = Release|Any CPU
		Release|x86 = Release|x86
	EndGlobalSection
	GlobalSection(ProjectConfigurationPlatforms) = postSolution
		{57A2E7A1-058E-4EBD-85E9-A65C3304FA49}.Debug|Any CPU.ActiveCfg = Debug|Any CPU
		{57A2E7A1-058E-4EBD-85E9-A65C3304FA49}.Debug|Any CPU.Build.0 = Debug|Any CPU
		{57A2E7A1-058E-4EBD-85E9-A65C3304FA49}.Debug|x86.ActiveCfg = Debug|x86
		{57A2E7A1-058E-4EBD-85E9-A65C3304FA49}.Debug|x86.Build.0 = Debug|x86
		{57A2E7A1-058E-4EBD-85E9-A65C3304FA49}.Release|Any CPU.ActiveCfg = Release|Any CPU
		{57A2E7A1-058E-4EBD-85E9-A65C3304FA49}.Release|Any CPU.Build.0 = Release|Any CPU
		{57A2E7A1-058E-4EBD-85E9-A65C3304FA49}.Release|x86.ActiveCfg = Release|x86
		{57A2E7A1-058E-4EBD-85E9-A65C3304FA49}.Release|x86.Build.0 = Release|x86
		{780E231D-7BFE-40E2-AA69-399AECB294DE}.Debug|Any CPU.ActiveCfg = Debug|Any CPU
		{780E231D-7BFE-40E2-AA69-399AECB294DE}.Debug|Any CPU.Build.0 = Debug|Any CPU
		{780E231D-7BFE-40E2-AA69-399AECB294DE}.Debug|x86.ActiveCfg = Debug|x86
		{780E231D-7BFE-40E2-AA69-399AECB294DE}.Debug|x86.Build.0 = Debug|x86
		{780E231D-7BFE-40E2-AA69-399AECB294DE}.Release|Any CPU.ActiveCfg = Release|Any CPU
		{780E231D-7BFE-40E2-AA69-399AECB294DE}.Release|Any CPU.Build.0 = Release|Any CPU
		{780E231D-7BFE-40E2-AA69-399AECB294DE}.Release|x86.ActiveCfg = Release|x86
		{780E231D-7BFE-40E2-AA69-399AECB294DE}.Release|x86.Build.0 = Release|x86
		{28747063-D1D2-4626-B1F1-84CC201B2063}.Debug|Any CPU.ActiveCfg = Debug|Any CPU
		{28747063-D1D2-4626-B1F1-84CC201B2063}.Debug|Any CPU.Build.0 = Debug|Any CPU
		{28747063-D1D2-4626-B1F1-84CC201B2063}.Debug|x86.ActiveCfg = Debug|x86
		{28747063-D1D2-4626-B1F1-84CC201B2063}.Debug|x86.Build.0 = Debug|x86
		{28747063-D1D2-4626-B1F1-84CC201B2063}.Release|Any CPU.ActiveCfg = Release|Any CPU
		{28747063-D1D2-4626-B1F1-84CC201B2063}.Release|Any CPU.Build.0 = Release|Any CPU
		{28747063-D1D2-4626-B1F1-84CC201B2063}.Release|x86.ActiveCfg = Release|x86
		{28747063-D1D2-4626-B1F1-84CC201B2063}.Release|x86.Build.0 = Release|x86
		{E633B507-F9FC-4F97-8649-BBD33361AB09}.Debug|Any CPU.ActiveCfg = Debug|Any CPU
		{E633B507-F9FC-4F97-8649-BBD33361AB09}.Debug|Any CPU.Build.0 = Debug|Any CPU
		{E633B507-F9FC-4F97-8649-BBD33361AB09}.Debug|x86.ActiveCfg = Debug|Any CPU
		{E633B507-F9FC-4F97-8649-BBD33361AB09}.Release|Any CPU.ActiveCfg = Release|Any CPU
		{E633B507-F9FC-4F97-8649-BBD33361AB09}.Release|Any CPU.Build.0 = Release|Any CPU
		{E633B507-F9FC-4F97-8649-BBD33361AB09}.Release|x86.ActiveCfg = Release|Any CPU
		{58D78CDB-63D7-47A1-B1B4-37625E46E587}.Debug|Any CPU.ActiveCfg = Debug|Any CPU
		{58D78CDB-63D7-47A1-B1B4-37625E46E587}.Debug|Any CPU.Build.0 = Debug|Any CPU
		{58D78CDB-63D7-47A1-B1B4-37625E46E587}.Debug|x86.ActiveCfg = Debug|Any CPU
		{58D78CDB-63D7-47A1-B1B4-37625E46E587}.Release|Any CPU.ActiveCfg = Release|Any CPU
		{58D78CDB-63D7-47A1-B1B4-37625E46E587}.Release|Any CPU.Build.0 = Release|Any CPU
		{58D78CDB-63D7-47A1-B1B4-37625E46E587}.Release|x86.ActiveCfg = Release|Any CPU
		{6473411E-BF33-40E4-A174-71B8D5BBCEF7}.Debug|Any CPU.ActiveCfg = Debug|Any CPU
		{6473411E-BF33-40E4-A174-71B8D5BBCEF7}.Debug|Any CPU.Build.0 = Debug|Any CPU
		{6473411E-BF33-40E4-A174-71B8D5BBCEF7}.Debug|x86.ActiveCfg = Debug|Any CPU
		{6473411E-BF33-40E4-A174-71B8D5BBCEF7}.Release|Any CPU.ActiveCfg = Release|Any CPU
		{6473411E-BF33-40E4-A174-71B8D5BBCEF7}.Release|Any CPU.Build.0 = Release|Any CPU
		{6473411E-BF33-40E4-A174-71B8D5BBCEF7}.Release|x86.ActiveCfg = Release|Any CPU
		{B26BECCB-0FDD-4DB3-A0AB-5481A9B48127}.Debug|Any CPU.ActiveCfg = Debug|Any CPU
		{B26BECCB-0FDD-4DB3-A0AB-5481A9B48127}.Debug|Any CPU.Build.0 = Debug|Any CPU
		{B26BECCB-0FDD-4DB3-A0AB-5481A9B48127}.Debug|x86.ActiveCfg = Debug|Any CPU
		{B26BECCB-0FDD-4DB3-A0AB-5481A9B48127}.Release|Any CPU.ActiveCfg = Release|Any CPU
		{B26BECCB-0FDD-4DB3-A0AB-5481A9B48127}.Release|Any CPU.Build.0 = Release|Any CPU
		{B26BECCB-0FDD-4DB3-A0AB-5481A9B48127}.Release|x86.ActiveCfg = Release|Any CPU
		{17B1C694-F545-4621-BBE5-0B9037A2D664}.Debug|Any CPU.ActiveCfg = Debug|Any CPU
		{17B1C694-F545-4621-BBE5-0B9037A2D664}.Debug|Any CPU.Build.0 = Debug|Any CPU
		{17B1C694-F545-4621-BBE5-0B9037A2D664}.Debug|x86.ActiveCfg = Debug|Any CPU
		{17B1C694-F545-4621-BBE5-0B9037A2D664}.Release|Any CPU.ActiveCfg = Release|Any CPU
		{17B1C694-F545-4621-BBE5-0B9037A2D664}.Release|Any CPU.Build.0 = Release|Any CPU
		{17B1C694-F545-4621-BBE5-0B9037A2D664}.Release|x86.ActiveCfg = Release|Any CPU
		{9565BDD9-712A-4DB3-A419-2C092C7000DB}.Debug|Any CPU.ActiveCfg = Debug|Any CPU
		{9565BDD9-712A-4DB3-A419-2C092C7000DB}.Debug|Any CPU.Build.0 = Debug|Any CPU
		{9565BDD9-712A-4DB3-A419-2C092C7000DB}.Debug|x86.ActiveCfg = Debug|Any CPU
		{9565BDD9-712A-4DB3-A419-2C092C7000DB}.Release|Any CPU.ActiveCfg = Release|Any CPU
		{9565BDD9-712A-4DB3-A419-2C092C7000DB}.Release|Any CPU.Build.0 = Release|Any CPU
		{9565BDD9-712A-4DB3-A419-2C092C7000DB}.Release|x86.ActiveCfg = Release|Any CPU
		{611BE482-BA91-4BA8-A4EF-5D628A913041}.Debug|Any CPU.ActiveCfg = Debug|Any CPU
		{611BE482-BA91-4BA8-A4EF-5D628A913041}.Debug|Any CPU.Build.0 = Debug|Any CPU
		{611BE482-BA91-4BA8-A4EF-5D628A913041}.Debug|x86.ActiveCfg = Debug|Any CPU
		{611BE482-BA91-4BA8-A4EF-5D628A913041}.Release|Any CPU.ActiveCfg = Release|Any CPU
		{611BE482-BA91-4BA8-A4EF-5D628A913041}.Release|Any CPU.Build.0 = Release|Any CPU
		{611BE482-BA91-4BA8-A4EF-5D628A913041}.Release|x86.ActiveCfg = Release|Any CPU
		{7ECF099A-B6B1-4863-A949-A9ABB8955EAA}.Debug|Any CPU.ActiveCfg = Debug|Any CPU
		{7ECF099A-B6B1-4863-A949-A9ABB8955EAA}.Debug|Any CPU.Build.0 = Debug|Any CPU
		{7ECF099A-B6B1-4863-A949-A9ABB8955EAA}.Debug|x86.ActiveCfg = Debug|Any CPU
		{7ECF099A-B6B1-4863-A949-A9ABB8955EAA}.Release|Any CPU.ActiveCfg = Release|Any CPU
		{7ECF099A-B6B1-4863-A949-A9ABB8955EAA}.Release|Any CPU.Build.0 = Release|Any CPU
		{7ECF099A-B6B1-4863-A949-A9ABB8955EAA}.Release|x86.ActiveCfg = Release|Any CPU
		{88C2E9E9-1EF9-409E-BF92-40602F4DA91A}.Debug|Any CPU.ActiveCfg = Debug|Any CPU
		{88C2E9E9-1EF9-409E-BF92-40602F4DA91A}.Debug|Any CPU.Build.0 = Debug|Any CPU
		{88C2E9E9-1EF9-409E-BF92-40602F4DA91A}.Debug|x86.ActiveCfg = Debug|Any CPU
		{88C2E9E9-1EF9-409E-BF92-40602F4DA91A}.Release|Any CPU.ActiveCfg = Release|Any CPU
		{88C2E9E9-1EF9-409E-BF92-40602F4DA91A}.Release|Any CPU.Build.0 = Release|Any CPU
		{88C2E9E9-1EF9-409E-BF92-40602F4DA91A}.Release|x86.ActiveCfg = Release|Any CPU
		{E7FF8D9B-1618-4B70-9DC1-D1FA5977AFF4}.Debug|Any CPU.ActiveCfg = Debug|Any CPU
		{E7FF8D9B-1618-4B70-9DC1-D1FA5977AFF4}.Debug|Any CPU.Build.0 = Debug|Any CPU
		{E7FF8D9B-1618-4B70-9DC1-D1FA5977AFF4}.Debug|x86.ActiveCfg = Debug|Any CPU
		{E7FF8D9B-1618-4B70-9DC1-D1FA5977AFF4}.Release|Any CPU.ActiveCfg = Release|Any CPU
		{E7FF8D9B-1618-4B70-9DC1-D1FA5977AFF4}.Release|Any CPU.Build.0 = Release|Any CPU
		{E7FF8D9B-1618-4B70-9DC1-D1FA5977AFF4}.Release|x86.ActiveCfg = Release|Any CPU
		{34D8352E-C296-4610-818C-F724C5068DCC}.Debug|Any CPU.ActiveCfg = Debug|Any CPU
		{34D8352E-C296-4610-818C-F724C5068DCC}.Debug|Any CPU.Build.0 = Debug|Any CPU
		{34D8352E-C296-4610-818C-F724C5068DCC}.Debug|x86.ActiveCfg = Debug|Any CPU
		{34D8352E-C296-4610-818C-F724C5068DCC}.Release|Any CPU.ActiveCfg = Release|Any CPU
		{34D8352E-C296-4610-818C-F724C5068DCC}.Release|Any CPU.Build.0 = Release|Any CPU
		{34D8352E-C296-4610-818C-F724C5068DCC}.Release|x86.ActiveCfg = Release|Any CPU
		{0689E7EB-5A5C-438F-813E-52DF44E60A97}.Debug|Any CPU.ActiveCfg = Debug|Any CPU
		{0689E7EB-5A5C-438F-813E-52DF44E60A97}.Debug|Any CPU.Build.0 = Debug|Any CPU
		{0689E7EB-5A5C-438F-813E-52DF44E60A97}.Debug|x86.ActiveCfg = Debug|Any CPU
		{0689E7EB-5A5C-438F-813E-52DF44E60A97}.Release|Any CPU.ActiveCfg = Release|Any CPU
		{0689E7EB-5A5C-438F-813E-52DF44E60A97}.Release|Any CPU.Build.0 = Release|Any CPU
		{0689E7EB-5A5C-438F-813E-52DF44E60A97}.Release|x86.ActiveCfg = Release|Any CPU
		{25C61E4A-5D75-4B8C-A85D-EB9CFDB8F9CD}.Debug|Any CPU.ActiveCfg = Debug|Any CPU
		{25C61E4A-5D75-4B8C-A85D-EB9CFDB8F9CD}.Debug|Any CPU.Build.0 = Debug|Any CPU
		{25C61E4A-5D75-4B8C-A85D-EB9CFDB8F9CD}.Debug|x86.ActiveCfg = Debug|Any CPU
		{25C61E4A-5D75-4B8C-A85D-EB9CFDB8F9CD}.Release|Any CPU.ActiveCfg = Release|Any CPU
		{25C61E4A-5D75-4B8C-A85D-EB9CFDB8F9CD}.Release|Any CPU.Build.0 = Release|Any CPU
		{25C61E4A-5D75-4B8C-A85D-EB9CFDB8F9CD}.Release|x86.ActiveCfg = Release|Any CPU
		{51A79A5A-2539-47E9-B549-C6DCCD7D23EA}.Debug|Any CPU.ActiveCfg = Debug|Any CPU
		{51A79A5A-2539-47E9-B549-C6DCCD7D23EA}.Debug|Any CPU.Build.0 = Debug|Any CPU
		{51A79A5A-2539-47E9-B549-C6DCCD7D23EA}.Debug|x86.ActiveCfg = Debug|Any CPU
		{51A79A5A-2539-47E9-B549-C6DCCD7D23EA}.Release|Any CPU.ActiveCfg = Release|Any CPU
		{51A79A5A-2539-47E9-B549-C6DCCD7D23EA}.Release|Any CPU.Build.0 = Release|Any CPU
		{51A79A5A-2539-47E9-B549-C6DCCD7D23EA}.Release|x86.ActiveCfg = Release|Any CPU
		{82ABEC10-35CB-4455-93CA-732DFB53E024}.Debug|Any CPU.ActiveCfg = Debug|Any CPU
		{82ABEC10-35CB-4455-93CA-732DFB53E024}.Debug|Any CPU.Build.0 = Debug|Any CPU
		{82ABEC10-35CB-4455-93CA-732DFB53E024}.Debug|x86.ActiveCfg = Debug|Any CPU
		{82ABEC10-35CB-4455-93CA-732DFB53E024}.Release|Any CPU.ActiveCfg = Release|Any CPU
		{82ABEC10-35CB-4455-93CA-732DFB53E024}.Release|Any CPU.Build.0 = Release|Any CPU
		{82ABEC10-35CB-4455-93CA-732DFB53E024}.Release|x86.ActiveCfg = Release|Any CPU
		{078429F1-A76D-41B9-823B-6855A2B9A188}.Debug|Any CPU.ActiveCfg = Debug|Any CPU
		{078429F1-A76D-41B9-823B-6855A2B9A188}.Debug|Any CPU.Build.0 = Debug|Any CPU
		{078429F1-A76D-41B9-823B-6855A2B9A188}.Debug|x86.ActiveCfg = Debug|Any CPU
		{078429F1-A76D-41B9-823B-6855A2B9A188}.Release|Any CPU.ActiveCfg = Release|Any CPU
		{078429F1-A76D-41B9-823B-6855A2B9A188}.Release|Any CPU.Build.0 = Release|Any CPU
		{078429F1-A76D-41B9-823B-6855A2B9A188}.Release|x86.ActiveCfg = Release|Any CPU
		{7F694C8F-C781-46FA-935F-0B0BBCC0B9DA}.Debug|Any CPU.ActiveCfg = Debug|Any CPU
		{7F694C8F-C781-46FA-935F-0B0BBCC0B9DA}.Debug|Any CPU.Build.0 = Debug|Any CPU
		{7F694C8F-C781-46FA-935F-0B0BBCC0B9DA}.Debug|x86.ActiveCfg = Debug|Any CPU
		{7F694C8F-C781-46FA-935F-0B0BBCC0B9DA}.Release|Any CPU.ActiveCfg = Release|Any CPU
		{7F694C8F-C781-46FA-935F-0B0BBCC0B9DA}.Release|Any CPU.Build.0 = Release|Any CPU
		{7F694C8F-C781-46FA-935F-0B0BBCC0B9DA}.Release|x86.ActiveCfg = Release|Any CPU
		{E85C49AA-619C-4A4C-8D3D-BD73ED2D52CD}.Debug|Any CPU.ActiveCfg = Debug|Any CPU
		{E85C49AA-619C-4A4C-8D3D-BD73ED2D52CD}.Debug|Any CPU.Build.0 = Debug|Any CPU
		{E85C49AA-619C-4A4C-8D3D-BD73ED2D52CD}.Debug|x86.ActiveCfg = Debug|Any CPU
		{E85C49AA-619C-4A4C-8D3D-BD73ED2D52CD}.Release|Any CPU.ActiveCfg = Release|Any CPU
		{E85C49AA-619C-4A4C-8D3D-BD73ED2D52CD}.Release|Any CPU.Build.0 = Release|Any CPU
		{E85C49AA-619C-4A4C-8D3D-BD73ED2D52CD}.Release|x86.ActiveCfg = Release|Any CPU
	EndGlobalSection
	GlobalSection(SolutionProperties) = preSolution
		HideSolutionNode = FALSE
	EndGlobalSection
	GlobalSection(NestedProjects) = preSolution
		{6473411E-BF33-40E4-A174-71B8D5BBCEF7} = {106F659F-8A5D-4CB4-A3A0-FB3BDDB937D5}
		{B26BECCB-0FDD-4DB3-A0AB-5481A9B48127} = {106F659F-8A5D-4CB4-A3A0-FB3BDDB937D5}
		{58D78CDB-63D7-47A1-B1B4-37625E46E587} = {106F659F-8A5D-4CB4-A3A0-FB3BDDB937D5}
		{E7FF8D9B-1618-4B70-9DC1-D1FA5977AFF4} = {2D0AFB3F-4243-4CE2-9A96-2B02425EAFF5}
		{25C61E4A-5D75-4B8C-A85D-EB9CFDB8F9CD} = {2D0AFB3F-4243-4CE2-9A96-2B02425EAFF5}
		{17B1C694-F545-4621-BBE5-0B9037A2D664} = {2D0AFB3F-4243-4CE2-9A96-2B02425EAFF5}
		{34D8352E-C296-4610-818C-F724C5068DCC} = {79EDF59C-7019-4B42-AC6C-9BDA8ADCB9D5}
		{0689E7EB-5A5C-438F-813E-52DF44E60A97} = {79EDF59C-7019-4B42-AC6C-9BDA8ADCB9D5}
		{51A79A5A-2539-47E9-B549-C6DCCD7D23EA} = {79EDF59C-7019-4B42-AC6C-9BDA8ADCB9D5}
		{82ABEC10-35CB-4455-93CA-732DFB53E024} = {79EDF59C-7019-4B42-AC6C-9BDA8ADCB9D5}
		{9565BDD9-712A-4DB3-A419-2C092C7000DB} = {79EDF59C-7019-4B42-AC6C-9BDA8ADCB9D5}
		{078429F1-A76D-41B9-823B-6855A2B9A188} = {79EDF59C-7019-4B42-AC6C-9BDA8ADCB9D5}
		{7F694C8F-C781-46FA-935F-0B0BBCC0B9DA} = {79EDF59C-7019-4B42-AC6C-9BDA8ADCB9D5}
		{E85C49AA-619C-4A4C-8D3D-BD73ED2D52CD} = {79EDF59C-7019-4B42-AC6C-9BDA8ADCB9D5}
	EndGlobalSection
EndGlobal
