
Microsoft Visual Studio Solution File, Format Version 12.00
# Visual Studio Version 17
VisualStudioVersion = 17.14.37411.7 d17.14
MinimumVisualStudioVersion = 10.0.40219.1
Project("{FAE04EC0-301F-11D3-BF4B-00C04F79EFBC}") = "Frontend", "Frontend.csproj", "{E14B5209-2F0B-49E0-B3B4-2038D1D3DE15}"
EndProject
Global
	GlobalSection(SolutionConfigurationPlatforms) = preSolution
		Debug|Any CPU = Debug|Any CPU
		Release|Any CPU = Release|Any CPU
	EndGlobalSection
	GlobalSection(ProjectConfigurationPlatforms) = postSolution
		{E14B5209-2F0B-49E0-B3B4-2038D1D3DE15}.Debug|Any CPU.ActiveCfg = Debug|Any CPU
		{E14B5209-2F0B-49E0-B3B4-2038D1D3DE15}.Debug|Any CPU.Build.0 = Debug|Any CPU
		{E14B5209-2F0B-49E0-B3B4-2038D1D3DE15}.Release|Any CPU.ActiveCfg = Release|Any CPU
		{E14B5209-2F0B-49E0-B3B4-2038D1D3DE15}.Release|Any CPU.Build.0 = Release|Any CPU
	EndGlobalSection
	GlobalSection(SolutionProperties) = preSolution
		HideSolutionNode = FALSE
	EndGlobalSection
	GlobalSection(ExtensibilityGlobals) = postSolution
		SolutionGuid = {F11CA41F-8CD9-4B76-92EB-30592F5123D3}
	EndGlobalSection
EndGlobal
