
Microsoft Visual Studio Solution File, Format Version 10.00
# Visual Studio 2008
Project("{2150E333-8FDC-42A3-9474-1A3956D46DE8}") = "Examples-LGSP", "Examples-LGSP", "{79EDF59C-7019-4B42-AC6C-9BDA8ADCB9D5}"
	ProjectSection(SolutionItems) = preProject
		out\examples-lgsp\README.txt = out\examples-lgsp\README.txt
	EndProjectSection
EndProject
Project("{2150E333-8FDC-42A3-9474-1A3956D46DE8}") = "Util", "Util", "{2D0AFB3F-4243-4CE2-9A96-2B02425EAFF5}"
EndProject
Project("{FAE04EC0-301F-11D3-BF4B-00C04F79EFBC}") = "libGr", "libGr\libGr.csproj", "{57A2E7A1-058E-4EBD-85E9-A65C3304FA49}"
EndProject
Project("{FAE04EC0-301F-11D3-BF4B-00C04F79EFBC}") = "GrShell", "GrShell\GrShell.csproj", "{780E231D-7BFE-40E2-AA69-399AECB294DE}"
	ProjectSection(ProjectDependencies) = postProject
		{57A2E7A1-058E-4EBD-85E9-A65C3304FA49} = {57A2E7A1-058E-4EBD-85E9-A65C3304FA49}
	EndProjectSection
EndProject
Project("{FAE04EC0-301F-11D3-BF4B-00C04F79EFBC}") = "lgspBackend", "lgspBackend\lgspBackend.csproj", "{28747063-D1D2-4626-B1F1-84CC201B2063}"
EndProject
Project("{FAE04EC0-301F-11D3-BF4B-00C04F79EFBC}") = "GrShellBenchmarker", "GrShellBenchmarker\GrShellBenchmarker.csproj", "{E633B507-F9FC-4F97-8649-BBD33361AB09}"
EndProject
Project("{FAE04EC0-301F-11D3-BF4B-00C04F79EFBC}") = "spBench", "spBench\spBench.csproj", "{17B1C694-F545-4621-BBE5-0B9037A2D664}"
EndProject
Project("{FAE04EC0-301F-11D3-BF4B-00C04F79EFBC}") = "ASTdapter", "ASTdapter\ASTdapter.csproj", "{611BE482-BA91-4BA8-A4EF-5D628A913041}"
EndProject
Project("{FAE04EC0-301F-11D3-BF4B-00C04F79EFBC}") = "GrIO", "GrIO\GrIO.csproj", "{7ECF099A-B6B1-4863-A949-A9ABB8955EAA}"
EndProject
Project("{FAE04EC0-301F-11D3-BF4B-00C04F79EFBC}") = "GrGen", "GrGen\GrGen.csproj", "{88C2E9E9-1EF9-409E-BF92-40602F4DA91A}"
EndProject
Project("{FAE04EC0-301F-11D3-BF4B-00C04F79EFBC}") = "Benchmarker", "Benchmarker\Benchmarker.csproj", "{25C61E4A-5D75-4B8C-A85D-EB9CFDB8F9CD}"
EndProject
Project("{FAE04EC0-301F-11D3-BF4B-00C04F79EFBC}") = "BusyBeaverExample", "out\examples-lgsp\BusyBeaverExample\BusyBeaverExample.csproj", "{82ABEC10-35CB-4455-93CA-732DFB53E024}"
EndProject
Project("{FAE04EC0-301F-11D3-BF4B-00C04F79EFBC}") = "MutexDirectExample", "out\examples-lgsp\MutexDirectExample\MutexDirectExample.csproj", "{078429F1-A76D-41B9-823B-6855A2B9A188}"
EndProject
Project("{FAE04EC0-301F-11D3-BF4B-00C04F79EFBC}") = "YCompExample", "out\examples-lgsp\YCompExample\YCompExample.csproj", "{7F694C8F-C781-46FA-935F-0B0BBCC0B9DA}"
EndProject
Project("{FAE04EC0-301F-11D3-BF4B-00C04F79EFBC}") = "HelloMutex", "out\examples-lgsp\HelloMutex\HelloMutex.csproj", "{E85C49AA-619C-4A4C-8D3D-BD73ED2D52CD}"
EndProject
Project("{FAE04EC0-301F-11D3-BF4B-00C04F79EFBC}") = "test", "test\test.csproj", "{18C76E00-FF98-4C34-A11C-A2F58C35876B}"
EndProject
Project("{FAE04EC0-301F-11D3-BF4B-00C04F79EFBC}") = "TestBench", "TestBench\TestBench.csproj", "{41B25111-5B8F-45A6-9824-47D1766AAE9D}"
EndProject
Project("{FAE04EC0-301F-11D3-BF4B-00C04F79EFBC}") = "TNTExample", "out\examples-lgsp\TNTExample\TNTExample.csproj", "{70206EDB-B613-4D8B-9A4E-870FB5DAE1D5}"
EndProject
Project("{FAE04EC0-301F-11D3-BF4B-00C04F79EFBC}") = "AlternativeExample", "out\examples-lgsp\AlternativeExample\AlternativeExample.csproj", "{BA28BE01-2982-484B-9086-E6A7FA7C3E47}"
EndProject
Project("{FAE04EC0-301F-11D3-BF4B-00C04F79EFBC}") = "RecursiveExample", "out\examples-lgsp\RecursiveExample\RecursiveExample.csproj", "{F3CACF35-E9C7-4836-9D6C-9B04AAD0BBEB}"
EndProject
Project("{FAE04EC0-301F-11D3-BF4B-00C04F79EFBC}") = "edge1Example", "out\examples-lgsp\edge1Example\edge1Example.csproj", "{0EA9FE1F-64D8-4D50-83AE-FAAE48F2F04B}"
EndProject
Project("{FAE04EC0-301F-11D3-BF4B-00C04F79EFBC}") = "ProgramGraphsExample", "out\examples-lgsp\ProgramGraphsExample\ProgramGraphsExample.csproj", "{C0042662-3CB1-4421-B724-FEE757888F62}"
EndProject
Global
	GlobalSection(SolutionConfigurationPlatforms) = preSolution
		Debug|Any CPU = Debug|Any CPU
		Debug|x86 = Debug|x86
		Release|Any CPU = Release|Any CPU
		Release|x86 = Release|x86
	EndGlobalSection
	GlobalSection(ProjectConfigurationPlatforms) = postSolution
		{57A2E7A1-058E-4EBD-85E9-A65C3304FA49}.Debug|Any CPU.ActiveCfg = Debug|Any CPU
		{57A2E7A1-058E-4EBD-85E9-A65C3304FA49}.Debug|Any CPU.Build.0 = Debug|Any CPU
		{57A2E7A1-058E-4EBD-85E9-A65C3304FA49}.Debug|x86.ActiveCfg = Debug|x86
		{57A2E7A1-058E-4EBD-85E9-A65C3304FA49}.Debug|x86.Build.0 = Debug|x86
		{57A2E7A1-058E-4EBD-85E9-A65C3304FA49}.Release|Any CPU.ActiveCfg = Release|Any CPU
		{57A2E7A1-058E-4EBD-85E9-A65C3304FA49}.Release|Any CPU.Build.0 = Release|Any CPU
		{57A2E7A1-058E-4EBD-85E9-A65C3304FA49}.Release|x86.ActiveCfg = Release|x86
		{57A2E7A1-058E-4EBD-85E9-A65C3304FA49}.Release|x86.Build.0 = Release|x86
		{780E231D-7BFE-40E2-AA69-399AECB294DE}.Debug|Any CPU.ActiveCfg = Debug|Any CPU
		{780E231D-7BFE-40E2-AA69-399AECB294DE}.Debug|Any CPU.Build.0 = Debug|Any CPU
		{780E231D-7BFE-40E2-AA69-399AECB294DE}.Debug|x86.ActiveCfg = Debug|x86
		{780E231D-7BFE-40E2-AA69-399AECB294DE}.Debug|x86.Build.0 = Debug|x86
		{780E231D-7BFE-40E2-AA69-399AECB294DE}.Release|Any CPU.ActiveCfg = Release|Any CPU
		{780E231D-7BFE-40E2-AA69-399AECB294DE}.Release|Any CPU.Build.0 = Release|Any CPU
		{780E231D-7BFE-40E2-AA69-399AECB294DE}.Release|x86.ActiveCfg = Release|x86
		{780E231D-7BFE-40E2-AA69-399AECB294DE}.Release|x86.Build.0 = Release|x86
		{28747063-D1D2-4626-B1F1-84CC201B2063}.Debug|Any CPU.ActiveCfg = Debug|Any CPU
		{28747063-D1D2-4626-B1F1-84CC201B2063}.Debug|Any CPU.Build.0 = Debug|Any CPU
		{28747063-D1D2-4626-B1F1-84CC201B2063}.Debug|x86.ActiveCfg = Debug|x86
		{28747063-D1D2-4626-B1F1-84CC201B2063}.Debug|x86.Build.0 = Debug|x86
		{28747063-D1D2-4626-B1F1-84CC201B2063}.Release|Any CPU.ActiveCfg = Release|Any CPU
		{28747063-D1D2-4626-B1F1-84CC201B2063}.Release|Any CPU.Build.0 = Release|Any CPU
		{28747063-D1D2-4626-B1F1-84CC201B2063}.Release|x86.ActiveCfg = Release|x86
		{28747063-D1D2-4626-B1F1-84CC201B2063}.Release|x86.Build.0 = Release|x86
		{E633B507-F9FC-4F97-8649-BBD33361AB09}.Debug|Any CPU.ActiveCfg = Debug|Any CPU
		{E633B507-F9FC-4F97-8649-BBD33361AB09}.Debug|Any CPU.Build.0 = Debug|Any CPU
		{E633B507-F9FC-4F97-8649-BBD33361AB09}.Debug|x86.ActiveCfg = Debug|Any CPU
		{E633B507-F9FC-4F97-8649-BBD33361AB09}.Release|Any CPU.ActiveCfg = Release|Any CPU
		{E633B507-F9FC-4F97-8649-BBD33361AB09}.Release|Any CPU.Build.0 = Release|Any CPU
		{E633B507-F9FC-4F97-8649-BBD33361AB09}.Release|x86.ActiveCfg = Release|Any CPU
		{17B1C694-F545-4621-BBE5-0B9037A2D664}.Debug|Any CPU.ActiveCfg = Debug|Any CPU
		{17B1C694-F545-4621-BBE5-0B9037A2D664}.Debug|Any CPU.Build.0 = Debug|Any CPU
		{17B1C694-F545-4621-BBE5-0B9037A2D664}.Debug|x86.ActiveCfg = Debug|Any CPU
		{17B1C694-F545-4621-BBE5-0B9037A2D664}.Release|Any CPU.ActiveCfg = Release|Any CPU
		{17B1C694-F545-4621-BBE5-0B9037A2D664}.Release|Any CPU.Build.0 = Release|Any CPU
		{17B1C694-F545-4621-BBE5-0B9037A2D664}.Release|x86.ActiveCfg = Release|Any CPU
		{611BE482-BA91-4BA8-A4EF-5D628A913041}.Debug|Any CPU.ActiveCfg = Debug|Any CPU
		{611BE482-BA91-4BA8-A4EF-5D628A913041}.Debug|Any CPU.Build.0 = Debug|Any CPU
		{611BE482-BA91-4BA8-A4EF-5D628A913041}.Debug|x86.ActiveCfg = Debug|Any CPU
		{611BE482-BA91-4BA8-A4EF-5D628A913041}.Release|Any CPU.ActiveCfg = Release|Any CPU
		{611BE482-BA91-4BA8-A4EF-5D628A913041}.Release|Any CPU.Build.0 = Release|Any CPU
		{611BE482-BA91-4BA8-A4EF-5D628A913041}.Release|x86.ActiveCfg = Release|Any CPU
		{7ECF099A-B6B1-4863-A949-A9ABB8955EAA}.Debug|Any CPU.ActiveCfg = Debug|Any CPU
		{7ECF099A-B6B1-4863-A949-A9ABB8955EAA}.Debug|Any CPU.Build.0 = Debug|Any CPU
		{7ECF099A-B6B1-4863-A949-A9ABB8955EAA}.Debug|x86.ActiveCfg = Debug|Any CPU
		{7ECF099A-B6B1-4863-A949-A9ABB8955EAA}.Release|Any CPU.ActiveCfg = Release|Any CPU
		{7ECF099A-B6B1-4863-A949-A9ABB8955EAA}.Release|Any CPU.Build.0 = Release|Any CPU
		{7ECF099A-B6B1-4863-A949-A9ABB8955EAA}.Release|x86.ActiveCfg = Release|Any CPU
		{88C2E9E9-1EF9-409E-BF92-40602F4DA91A}.Debug|Any CPU.ActiveCfg = Debug|Any CPU
		{88C2E9E9-1EF9-409E-BF92-40602F4DA91A}.Debug|Any CPU.Build.0 = Debug|Any CPU
		{88C2E9E9-1EF9-409E-BF92-40602F4DA91A}.Debug|x86.ActiveCfg = Debug|Any CPU
		{88C2E9E9-1EF9-409E-BF92-40602F4DA91A}.Release|Any CPU.ActiveCfg = Release|Any CPU
		{88C2E9E9-1EF9-409E-BF92-40602F4DA91A}.Release|Any CPU.Build.0 = Release|Any CPU
		{88C2E9E9-1EF9-409E-BF92-40602F4DA91A}.Release|x86.ActiveCfg = Release|Any CPU
		{25C61E4A-5D75-4B8C-A85D-EB9CFDB8F9CD}.Debug|Any CPU.ActiveCfg = Debug|Any CPU
		{25C61E4A-5D75-4B8C-A85D-EB9CFDB8F9CD}.Debug|Any CPU.Build.0 = Debug|Any CPU
		{25C61E4A-5D75-4B8C-A85D-EB9CFDB8F9CD}.Debug|x86.ActiveCfg = Debug|Any CPU
		{25C61E4A-5D75-4B8C-A85D-EB9CFDB8F9CD}.Release|Any CPU.ActiveCfg = Release|Any CPU
		{25C61E4A-5D75-4B8C-A85D-EB9CFDB8F9CD}.Release|Any CPU.Build.0 = Release|Any CPU
		{25C61E4A-5D75-4B8C-A85D-EB9CFDB8F9CD}.Release|x86.ActiveCfg = Release|Any CPU
		{82ABEC10-35CB-4455-93CA-732DFB53E024}.Debug|Any CPU.ActiveCfg = Debug|Any CPU
		{82ABEC10-35CB-4455-93CA-732DFB53E024}.Debug|Any CPU.Build.0 = Debug|Any CPU
		{82ABEC10-35CB-4455-93CA-732DFB53E024}.Debug|x86.ActiveCfg = Debug|Any CPU
		{82ABEC10-35CB-4455-93CA-732DFB53E024}.Release|Any CPU.ActiveCfg = Release|Any CPU
		{82ABEC10-35CB-4455-93CA-732DFB53E024}.Release|Any CPU.Build.0 = Release|Any CPU
		{82ABEC10-35CB-4455-93CA-732DFB53E024}.Release|x86.ActiveCfg = Release|Any CPU
		{078429F1-A76D-41B9-823B-6855A2B9A188}.Debug|Any CPU.ActiveCfg = Debug|Any CPU
		{078429F1-A76D-41B9-823B-6855A2B9A188}.Debug|Any CPU.Build.0 = Debug|Any CPU
		{078429F1-A76D-41B9-823B-6855A2B9A188}.Debug|x86.ActiveCfg = Debug|Any CPU
		{078429F1-A76D-41B9-823B-6855A2B9A188}.Release|Any CPU.ActiveCfg = Release|Any CPU
		{078429F1-A76D-41B9-823B-6855A2B9A188}.Release|Any CPU.Build.0 = Release|Any CPU
		{078429F1-A76D-41B9-823B-6855A2B9A188}.Release|x86.ActiveCfg = Release|Any CPU
		{7F694C8F-C781-46FA-935F-0B0BBCC0B9DA}.Debug|Any CPU.ActiveCfg = Debug|Any CPU
		{7F694C8F-C781-46FA-935F-0B0BBCC0B9DA}.Debug|Any CPU.Build.0 = Debug|Any CPU
		{7F694C8F-C781-46FA-935F-0B0BBCC0B9DA}.Debug|x86.ActiveCfg = Debug|Any CPU
		{7F694C8F-C781-46FA-935F-0B0BBCC0B9DA}.Release|Any CPU.ActiveCfg = Release|Any CPU
		{7F694C8F-C781-46FA-935F-0B0BBCC0B9DA}.Release|Any CPU.Build.0 = Release|Any CPU
		{7F694C8F-C781-46FA-935F-0B0BBCC0B9DA}.Release|x86.ActiveCfg = Release|Any CPU
		{E85C49AA-619C-4A4C-8D3D-BD73ED2D52CD}.Debug|Any CPU.ActiveCfg = Debug|Any CPU
		{E85C49AA-619C-4A4C-8D3D-BD73ED2D52CD}.Debug|Any CPU.Build.0 = Debug|Any CPU
		{E85C49AA-619C-4A4C-8D3D-BD73ED2D52CD}.Debug|x86.ActiveCfg = Debug|Any CPU
		{E85C49AA-619C-4A4C-8D3D-BD73ED2D52CD}.Release|Any CPU.ActiveCfg = Release|Any CPU
		{E85C49AA-619C-4A4C-8D3D-BD73ED2D52CD}.Release|Any CPU.Build.0 = Release|Any CPU
		{E85C49AA-619C-4A4C-8D3D-BD73ED2D52CD}.Release|x86.ActiveCfg = Release|Any CPU
		{18C76E00-FF98-4C34-A11C-A2F58C35876B}.Debug|Any CPU.ActiveCfg = Debug|Any CPU
		{18C76E00-FF98-4C34-A11C-A2F58C35876B}.Debug|Any CPU.Build.0 = Debug|Any CPU
		{18C76E00-FF98-4C34-A11C-A2F58C35876B}.Debug|x86.ActiveCfg = Debug|Any CPU
		{18C76E00-FF98-4C34-A11C-A2F58C35876B}.Release|Any CPU.ActiveCfg = Release|Any CPU
		{18C76E00-FF98-4C34-A11C-A2F58C35876B}.Release|Any CPU.Build.0 = Release|Any CPU
		{18C76E00-FF98-4C34-A11C-A2F58C35876B}.Release|x86.ActiveCfg = Release|Any CPU
		{41B25111-5B8F-45A6-9824-47D1766AAE9D}.Debug|Any CPU.ActiveCfg = Debug|Any CPU
		{41B25111-5B8F-45A6-9824-47D1766AAE9D}.Debug|Any CPU.Build.0 = Debug|Any CPU
		{41B25111-5B8F-45A6-9824-47D1766AAE9D}.Debug|x86.ActiveCfg = Debug|Any CPU
		{41B25111-5B8F-45A6-9824-47D1766AAE9D}.Release|Any CPU.ActiveCfg = Release|Any CPU
		{41B25111-5B8F-45A6-9824-47D1766AAE9D}.Release|Any CPU.Build.0 = Release|Any CPU
		{41B25111-5B8F-45A6-9824-47D1766AAE9D}.Release|x86.ActiveCfg = Release|Any CPU
		{70206EDB-B613-4D8B-9A4E-870FB5DAE1D5}.Debug|Any CPU.ActiveCfg = Debug|Any CPU
		{70206EDB-B613-4D8B-9A4E-870FB5DAE1D5}.Debug|Any CPU.Build.0 = Debug|Any CPU
		{70206EDB-B613-4D8B-9A4E-870FB5DAE1D5}.Debug|x86.ActiveCfg = Debug|Any CPU
		{70206EDB-B613-4D8B-9A4E-870FB5DAE1D5}.Release|Any CPU.ActiveCfg = Release|Any CPU
		{70206EDB-B613-4D8B-9A4E-870FB5DAE1D5}.Release|Any CPU.Build.0 = Release|Any CPU
		{70206EDB-B613-4D8B-9A4E-870FB5DAE1D5}.Release|x86.ActiveCfg = Release|Any CPU
		{BA28BE01-2982-484B-9086-E6A7FA7C3E47}.Debug|Any CPU.ActiveCfg = Debug|Any CPU
		{BA28BE01-2982-484B-9086-E6A7FA7C3E47}.Debug|Any CPU.Build.0 = Debug|Any CPU
		{BA28BE01-2982-484B-9086-E6A7FA7C3E47}.Debug|x86.ActiveCfg = Debug|Any CPU
		{BA28BE01-2982-484B-9086-E6A7FA7C3E47}.Release|Any CPU.ActiveCfg = Release|Any CPU
		{BA28BE01-2982-484B-9086-E6A7FA7C3E47}.Release|Any CPU.Build.0 = Release|Any CPU
		{BA28BE01-2982-484B-9086-E6A7FA7C3E47}.Release|x86.ActiveCfg = Release|Any CPU
		{F3CACF35-E9C7-4836-9D6C-9B04AAD0BBEB}.Debug|Any CPU.ActiveCfg = Debug|Any CPU
		{F3CACF35-E9C7-4836-9D6C-9B04AAD0BBEB}.Debug|Any CPU.Build.0 = Debug|Any CPU
		{F3CACF35-E9C7-4836-9D6C-9B04AAD0BBEB}.Debug|x86.ActiveCfg = Debug|Any CPU
		{F3CACF35-E9C7-4836-9D6C-9B04AAD0BBEB}.Release|Any CPU.ActiveCfg = Release|Any CPU
		{F3CACF35-E9C7-4836-9D6C-9B04AAD0BBEB}.Release|Any CPU.Build.0 = Release|Any CPU
		{F3CACF35-E9C7-4836-9D6C-9B04AAD0BBEB}.Release|x86.ActiveCfg = Release|Any CPU
		{0EA9FE1F-64D8-4D50-83AE-FAAE48F2F04B}.Debug|Any CPU.ActiveCfg = Debug|Any CPU
		{0EA9FE1F-64D8-4D50-83AE-FAAE48F2F04B}.Debug|Any CPU.Build.0 = Debug|Any CPU
		{0EA9FE1F-64D8-4D50-83AE-FAAE48F2F04B}.Debug|x86.ActiveCfg = Debug|Any CPU
		{0EA9FE1F-64D8-4D50-83AE-FAAE48F2F04B}.Release|Any CPU.ActiveCfg = Release|Any CPU
		{0EA9FE1F-64D8-4D50-83AE-FAAE48F2F04B}.Release|Any CPU.Build.0 = Release|Any CPU
		{0EA9FE1F-64D8-4D50-83AE-FAAE48F2F04B}.Release|x86.ActiveCfg = Release|Any CPU
		{C0042662-3CB1-4421-B724-FEE757888F62}.Debug|Any CPU.ActiveCfg = Debug|Any CPU
		{C0042662-3CB1-4421-B724-FEE757888F62}.Debug|Any CPU.Build.0 = Debug|Any CPU
		{C0042662-3CB1-4421-B724-FEE757888F62}.Debug|x86.ActiveCfg = Debug|Any CPU
		{C0042662-3CB1-4421-B724-FEE757888F62}.Release|Any CPU.ActiveCfg = Release|Any CPU
		{C0042662-3CB1-4421-B724-FEE757888F62}.Release|Any CPU.Build.0 = Release|Any CPU
		{C0042662-3CB1-4421-B724-FEE757888F62}.Release|x86.ActiveCfg = Release|Any CPU
	EndGlobalSection
	GlobalSection(SolutionProperties) = preSolution
		HideSolutionNode = FALSE
	EndGlobalSection
	GlobalSection(NestedProjects) = preSolution
		{82ABEC10-35CB-4455-93CA-732DFB53E024} = {79EDF59C-7019-4B42-AC6C-9BDA8ADCB9D5}
		{078429F1-A76D-41B9-823B-6855A2B9A188} = {79EDF59C-7019-4B42-AC6C-9BDA8ADCB9D5}
		{7F694C8F-C781-46FA-935F-0B0BBCC0B9DA} = {79EDF59C-7019-4B42-AC6C-9BDA8ADCB9D5}
		{E85C49AA-619C-4A4C-8D3D-BD73ED2D52CD} = {79EDF59C-7019-4B42-AC6C-9BDA8ADCB9D5}
		{70206EDB-B613-4D8B-9A4E-870FB5DAE1D5} = {79EDF59C-7019-4B42-AC6C-9BDA8ADCB9D5}
		{BA28BE01-2982-484B-9086-E6A7FA7C3E47} = {79EDF59C-7019-4B42-AC6C-9BDA8ADCB9D5}
		{F3CACF35-E9C7-4836-9D6C-9B04AAD0BBEB} = {79EDF59C-7019-4B42-AC6C-9BDA8ADCB9D5}
		{0EA9FE1F-64D8-4D50-83AE-FAAE48F2F04B} = {79EDF59C-7019-4B42-AC6C-9BDA8ADCB9D5}
		{C0042662-3CB1-4421-B724-FEE757888F62} = {79EDF59C-7019-4B42-AC6C-9BDA8ADCB9D5}
		{17B1C694-F545-4621-BBE5-0B9037A2D664} = {2D0AFB3F-4243-4CE2-9A96-2B02425EAFF5}
		{25C61E4A-5D75-4B8C-A85D-EB9CFDB8F9CD} = {2D0AFB3F-4243-4CE2-9A96-2B02425EAFF5}
		{41B25111-5B8F-45A6-9824-47D1766AAE9D} = {2D0AFB3F-4243-4CE2-9A96-2B02425EAFF5}
	EndGlobalSection
EndGlobal
